{
    "name": "gitbook-plugin-elm-repl",
    "version": "1.0.0",
    "lockfileVersion": 2,
    "requires": true,
    "packages": {
        "": {
            "name": "gitbook-plugin-elm-repl",
            "version": "1.0.0",
            "dependencies": {
                "uglify-js": "^3.15.3"
            },
            "engines": {
                "gitbook": ">=2.0.0"
            }
        },
        "node_modules/uglify-js": {
            "version": "3.15.3",
            "resolved": "https://registry.npmjs.org/uglify-js/-/uglify-js-3.15.3.tgz",
            "integrity": "sha512-6iCVm2omGJbsu3JWac+p6kUiOpg3wFO2f8lIXjfEb8RrmLjzog1wTPMmwKB7swfzzqxj9YM+sGUM++u1qN4qJg==",
            "bin": {
                "uglifyjs": "bin/uglifyjs"
            },
            "engines": {
                "node": ">=0.8.0"
            }
        }
    },
    "dependencies": {
        "uglify-js": {
            "version": "3.15.3",
            "resolved": "https://registry.npmjs.org/uglify-js/-/uglify-js-3.15.3.tgz",
            "integrity": "sha512-6iCVm2omGJbsu3JWac+p6kUiOpg3wFO2f8lIXjfEb8RrmLjzog1wTPMmwKB7swfzzqxj9YM+sGUM++u1qN4qJg=="
        }
    }
}
